// !$*UTF8*$!
{
	archiveVersion = 1;
	classes = {
	};
	objectVersion = 46;
	objects = {

/* Begin PBXBuildFile section */
		FE0225F51B73A8CB00BAD10C /* MainModel.m in Sources */ = {isa = PBXBuildFile; fileRef = FE0225F41B73A8CB00BAD10C /* MainModel.m */; };
		FE0225F81B73A94800BAD10C /* DetailModel.m in Sources */ = {isa = PBXBuildFile; fileRef = FE0225F71B73A94800BAD10C /* DetailModel.m */; };
		FE02261B1B73AA6F00BAD10C /* MKAnnotationView+WebCache.m in Sources */ = {isa = PBXBuildFile; fileRef = FE0225FB1B73AA6F00BAD10C /* MKAnnotationView+WebCache.m */; };
		FE02261C1B73AA6F00BAD10C /* NSData+ImageContentType.m in Sources */ = {isa = PBXBuildFile; fileRef = FE0225FD1B73AA6F00BAD10C /* NSData+ImageContentType.m */; };
		FE02261D1B73AA6F00BAD10C /* SDImageCache.m in Sources */ = {isa = PBXBuildFile; fileRef = FE0225FF1B73AA6F00BAD10C /* SDImageCache.m */; };
		FE02261E1B73AA6F00BAD10C /* SDWebImageCompat.m in Sources */ = {isa = PBXBuildFile; fileRef = FE0226011B73AA6F00BAD10C /* SDWebImageCompat.m */; };
		FE02261F1B73AA6F00BAD10C /* SDWebImageDecoder.m in Sources */ = {isa = PBXBuildFile; fileRef = FE0226031B73AA6F00BAD10C /* SDWebImageDecoder.m */; };
		FE0226201B73AA6F00BAD10C /* SDWebImageDownloader.m in Sources */ = {isa = PBXBuildFile; fileRef = FE0226051B73AA6F00BAD10C /* SDWebImageDownloader.m */; };
		FE0226211B73AA6F00BAD10C /* SDWebImageDownloaderOperation.m in Sources */ = {isa = PBXBuildFile; fileRef = FE0226071B73AA6F00BAD10C /* SDWebImageDownloaderOperation.m */; };
		FE0226221B73AA6F00BAD10C /* SDWebImageManager.m in Sources */ = {isa = PBXBuildFile; fileRef = FE0226091B73AA6F00BAD10C /* SDWebImageManager.m */; };
		FE0226231B73AA6F00BAD10C /* SDWebImagePrefetcher.m in Sources */ = {isa = PBXBuildFile; fileRef = FE02260C1B73AA6F00BAD10C /* SDWebImagePrefetcher.m */; };
		FE0226241B73AA6F00BAD10C /* UIButton+WebCache.m in Sources */ = {isa = PBXBuildFile; fileRef = FE02260E1B73AA6F00BAD10C /* UIButton+WebCache.m */; };
		FE0226251B73AA6F00BAD10C /* UIImage+GIF.m in Sources */ = {isa = PBXBuildFile; fileRef = FE0226101B73AA6F00BAD10C /* UIImage+GIF.m */; };
		FE0226261B73AA6F00BAD10C /* UIImage+MultiFormat.m in Sources */ = {isa = PBXBuildFile; fileRef = FE0226121B73AA6F00BAD10C /* UIImage+MultiFormat.m */; };
		FE0226271B73AA6F00BAD10C /* UIImage+WebP.m in Sources */ = {isa = PBXBuildFile; fileRef = FE0226141B73AA6F00BAD10C /* UIImage+WebP.m */; };
		FE0226281B73AA6F00BAD10C /* UIImageView+HighlightedWebCache.m in Sources */ = {isa = PBXBuildFile; fileRef = FE0226161B73AA6F00BAD10C /* UIImageView+HighlightedWebCache.m */; };
		FE0226291B73AA6F00BAD10C /* UIImageView+WebCache.m in Sources */ = {isa = PBXBuildFile; fileRef = FE0226181B73AA6F00BAD10C /* UIImageView+WebCache.m */; };
		FE02262A1B73AA6F00BAD10C /* UIView+WebCacheOperation.m in Sources */ = {isa = PBXBuildFile; fileRef = FE02261A1B73AA6F00BAD10C /* UIView+WebCacheOperation.m */; };
		FE3F0ACA1B626E19001F0157 /* main.m in Sources */ = {isa = PBXBuildFile; fileRef = FE3F0AC91B626E19001F0157 /* main.m */; };
		FE3F0ACD1B626E19001F0157 /* AppDelegate.m in Sources */ = {isa = PBXBuildFile; fileRef = FE3F0ACC1B626E19001F0157 /* AppDelegate.m */; };
		FE3F0ACF1B626E19001F0157 /* Images.xcassets in Resources */ = {isa = PBXBuildFile; fileRef = FE3F0ACE1B626E19001F0157 /* Images.xcassets */; };
		FE3F0AD21B626E19001F0157 /* LaunchScreen.xib in Resources */ = {isa = PBXBuildFile; fileRef = FE3F0AD01B626E19001F0157 /* LaunchScreen.xib */; };
		FE3F0ADE1B626E19001F0157 /* SpreadCollectionViewTests.m in Sources */ = {isa = PBXBuildFile; fileRef = FE3F0ADD1B626E19001F0157 /* SpreadCollectionViewTests.m */; };
		FE3F0AF41B627139001F0157 /* CollectionViewCell.m in Sources */ = {isa = PBXBuildFile; fileRef = FE3F0AEB1B627139001F0157 /* CollectionViewCell.m */; };
		FE3F0AF51B627139001F0157 /* FooterView.m in Sources */ = {isa = PBXBuildFile; fileRef = FE3F0AED1B627139001F0157 /* FooterView.m */; };
		FE3F0AF71B627139001F0157 /* DetailCollectionViewCell.m in Sources */ = {isa = PBXBuildFile; fileRef = FE3F0AF11B627139001F0157 /* DetailCollectionViewCell.m */; };
		FE3F0AF81B627139001F0157 /* RootViewController.m in Sources */ = {isa = PBXBuildFile; fileRef = FE3F0AF31B627139001F0157 /* RootViewController.m */; };
		FE3F0AFE1B627773001F0157 /* DetailViewController.m in Sources */ = {isa = PBXBuildFile; fileRef = FE3F0AFD1B627773001F0157 /* DetailViewController.m */; };
		FE3F0B8C1B631F87001F0157 /* UIViewAdditions.m in Sources */ = {isa = PBXBuildFile; fileRef = FE3F0B8B1B631F87001F0157 /* UIViewAdditions.m */; };
/* End PBXBuildFile section */

/* Begin PBXContainerItemProxy section */
		FE3F0AD81B626E19001F0157 /* PBXContainerItemProxy */ = {
			isa = PBXContainerItemProxy;
			containerPortal = FE3F0ABC1B626E19001F0157 /* Project object */;
			proxyType = 1;
			remoteGlobalIDString = FE3F0AC31B626E19001F0157;
			remoteInfo = SpreadCollectionView;
		};
/* End PBXContainerItemProxy section */

/* Begin PBXFileReference section */
		FE0225F31B73A8CB00BAD10C /* MainModel.h */ = {isa = PBXFileReference; fileEncoding = 4; lastKnownFileType = sourcecode.c.h; path = MainModel.h; sourceTree = "<group>"; };
		FE0225F41B73A8CB00BAD10C /* MainModel.m */ = {isa = PBXFileReference; fileEncoding = 4; lastKnownFileType = sourcecode.c.objc; path = MainModel.m; sourceTree = "<group>"; };
		FE0225F61B73A94800BAD10C /* DetailModel.h */ = {isa = PBXFileReference; fileEncoding = 4; lastKnownFileType = sourcecode.c.h; path = DetailModel.h; sourceTree = "<group>"; };
		FE0225F71B73A94800BAD10C /* DetailModel.m */ = {isa = PBXFileReference; fileEncoding = 4; lastKnownFileType = sourcecode.c.objc; path = DetailModel.m; sourceTree = "<group>"; };
		FE0225FA1B73AA6F00BAD10C /* MKAnnotationView+WebCache.h */ = {isa = PBXFileReference; fileEncoding = 4; lastKnownFileType = sourcecode.c.h; path = "MKAnnotationView+WebCache.h"; sourceTree = "<group>"; };
		FE0225FB1B73AA6F00BAD10C /* MKAnnotationView+WebCache.m */ = {isa = PBXFileReference; fileEncoding = 4; lastKnownFileType = sourcecode.c.objc; path = "MKAnnotationView+WebCache.m"; sourceTree = "<group>"; };
		FE0225FC1B73AA6F00BAD10C /* NSData+ImageContentType.h */ = {isa = PBXFileReference; fileEncoding = 4; lastKnownFileType = sourcecode.c.h; path = "NSData+ImageContentType.h"; sourceTree = "<group>"; };
		FE0225FD1B73AA6F00BAD10C /* NSData+ImageContentType.m */ = {isa = PBXFileReference; fileEncoding = 4; lastKnownFileType = sourcecode.c.objc; path = "NSData+ImageContentType.m"; sourceTree = "<group>"; };
		FE0225FE1B73AA6F00BAD10C /* SDImageCache.h */ = {isa = PBXFileReference; fileEncoding = 4; lastKnownFileType = sourcecode.c.h; path = SDImageCache.h; sourceTree = "<group>"; };
		FE0225FF1B73AA6F00BAD10C /* SDImageCache.m */ = {isa = PBXFileReference; fileEncoding = 4; lastKnownFileType = sourcecode.c.objc; path = SDImageCache.m; sourceTree = "<group>"; };
		FE0226001B73AA6F00BAD10C /* SDWebImageCompat.h */ = {isa = PBXFileReference; fileEncoding = 4; lastKnownFileType = sourcecode.c.h; path = SDWebImageCompat.h; sourceTree = "<group>"; };
		FE0226011B73AA6F00BAD10C /* SDWebImageCompat.m */ = {isa = PBXFileReference; fileEncoding = 4; lastKnownFileType = sourcecode.c.objc; path = SDWebImageCompat.m; sourceTree = "<group>"; };
		FE0226021B73AA6F00BAD10C /* SDWebImageDecoder.h */ = {isa = PBXFileReference; fileEncoding = 4; lastKnownFileType = sourcecode.c.h; path = SDWebImageDecoder.h; sourceTree = "<group>"; };
		FE0226031B73AA6F00BAD10C /* SDWebImageDecoder.m */ = {isa = PBXFileReference; fileEncoding = 4; lastKnownFileType = sourcecode.c.objc; path = SDWebImageDecoder.m; sourceTree = "<group>"; };
		FE0226041B73AA6F00BAD10C /* SDWebImageDownloader.h */ = {isa = PBXFileReference; fileEncoding = 4; lastKnownFileType = sourcecode.c.h; path = SDWebImageDownloader.h; sourceTree = "<group>"; };
		FE0226051B73AA6F00BAD10C /* SDWebImageDownloader.m */ = {isa = PBXFileReference; fileEncoding = 4; lastKnownFileType = sourcecode.c.objc; path = SDWebImageDownloader.m; sourceTree = "<group>"; };
		FE0226061B73AA6F00BAD10C /* SDWebImageDownloaderOperation.h */ = {isa = PBXFileReference; fileEncoding = 4; lastKnownFileType = sourcecode.c.h; path = SDWebImageDownloaderOperation.h; sourceTree = "<group>"; };
		FE0226071B73AA6F00BAD10C /* SDWebImageDownloaderOperation.m */ = {isa = PBXFileReference; fileEncoding = 4; lastKnownFileType = sourcecode.c.objc; path = SDWebImageDownloaderOperation.m; sourceTree = "<group>"; };
		FE0226081B73AA6F00BAD10C /* SDWebImageManager.h */ = {isa = PBXFileReference; fileEncoding = 4; lastKnownFileType = sourcecode.c.h; path = SDWebImageManager.h; sourceTree = "<group>"; };
		FE0226091B73AA6F00BAD10C /* SDWebImageManager.m */ = {isa = PBXFileReference; fileEncoding = 4; lastKnownFileType = sourcecode.c.objc; path = SDWebImageManager.m; sourceTree = "<group>"; };
		FE02260A1B73AA6F00BAD10C /* SDWebImageOperation.h */ = {isa = PBXFileReference; fileEncoding = 4; lastKnownFileType = sourcecode.c.h; path = SDWebImageOperation.h; sourceTree = "<group>"; };
		FE02260B1B73AA6F00BAD10C /* SDWebImagePrefetcher.h */ = {isa = PBXFileReference; fileEncoding = 4; lastKnownFileType = sourcecode.c.h; path = SDWebImagePrefetcher.h; sourceTree = "<group>"; };
		FE02260C1B73AA6F00BAD10C /* SDWebImagePrefetcher.m */ = {isa = PBXFileReference; fileEncoding = 4; lastKnownFileType = sourcecode.c.objc; path = SDWebImagePrefetcher.m; sourceTree = "<group>"; };
		FE02260D1B73AA6F00BAD10C /* UIButton+WebCache.h */ = {isa = PBXFileReference; fileEncoding = 4; lastKnownFileType = sourcecode.c.h; path = "UIButton+WebCache.h"; sourceTree = "<group>"; };
		FE02260E1B73AA6F00BAD10C /* UIButton+WebCache.m */ = {isa = PBXFileReference; fileEncoding = 4; lastKnownFileType = sourcecode.c.objc; path = "UIButton+WebCache.m"; sourceTree = "<group>"; };
		FE02260F1B73AA6F00BAD10C /* UIImage+GIF.h */ = {isa = PBXFileReference; fileEncoding = 4; lastKnownFileType = sourcecode.c.h; path = "UIImage+GIF.h"; sourceTree = "<group>"; };
		FE0226101B73AA6F00BAD10C /* UIImage+GIF.m */ = {isa = PBXFileReference; fileEncoding = 4; lastKnownFileType = sourcecode.c.objc; path = "UIImage+GIF.m"; sourceTree = "<group>"; };
		FE0226111B73AA6F00BAD10C /* UIImage+MultiFormat.h */ = {isa = PBXFileReference; fileEncoding = 4; lastKnownFileType = sourcecode.c.h; path = "UIImage+MultiFormat.h"; sourceTree = "<group>"; };
		FE0226121B73AA6F00BAD10C /* UIImage+MultiFormat.m */ = {isa = PBXFileReference; fileEncoding = 4; lastKnownFileType = sourcecode.c.objc; path = "UIImage+MultiFormat.m"; sourceTree = "<group>"; };
		FE0226131B73AA6F00BAD10C /* UIImage+WebP.h */ = {isa = PBXFileReference; fileEncoding = 4; lastKnownFileType = sourcecode.c.h; path = "UIImage+WebP.h"; sourceTree = "<group>"; };
		FE0226141B73AA6F00BAD10C /* UIImage+WebP.m */ = {isa = PBXFileReference; fileEncoding = 4; lastKnownFileType = sourcecode.c.objc; path = "UIImage+WebP.m"; sourceTree = "<group>"; };
		FE0226151B73AA6F00BAD10C /* UIImageView+HighlightedWebCache.h */ = {isa = PBXFileReference; fileEncoding = 4; lastKnownFileType = sourcecode.c.h; path = "UIImageView+HighlightedWebCache.h"; sourceTree = "<group>"; };
		FE0226161B73AA6F00BAD10C /* UIImageView+HighlightedWebCache.m */ = {isa = PBXFileReference; fileEncoding = 4; lastKnownFileType = sourcecode.c.objc; path = "UIImageView+HighlightedWebCache.m"; sourceTree = "<group>"; };
		FE0226171B73AA6F00BAD10C /* UIImageView+WebCache.h */ = {isa = PBXFileReference; fileEncoding = 4; lastKnownFileType = sourcecode.c.h; path = "UIImageView+WebCache.h"; sourceTree = "<group>"; };
		FE0226181B73AA6F00BAD10C /* UIImageView+WebCache.m */ = {isa = PBXFileReference; fileEncoding = 4; lastKnownFileType = sourcecode.c.objc; path = "UIImageView+WebCache.m"; sourceTree = "<group>"; };
		FE0226191B73AA6F00BAD10C /* UIView+WebCacheOperation.h */ = {isa = PBXFileReference; fileEncoding = 4; lastKnownFileType = sourcecode.c.h; path = "UIView+WebCacheOperation.h"; sourceTree = "<group>"; };
		FE02261A1B73AA6F00BAD10C /* UIView+WebCacheOperation.m */ = {isa = PBXFileReference; fileEncoding = 4; lastKnownFileType = sourcecode.c.objc; path = "UIView+WebCacheOperation.m"; sourceTree = "<group>"; };
		FE0226511B74634200BAD10C /* PrefixHeader.pch */ = {isa = PBXFileReference; fileEncoding = 4; lastKnownFileType = sourcecode.c.h; path = PrefixHeader.pch; sourceTree = "<group>"; };
		FE3F0AC41B626E19001F0157 /* SpreadCollectionView.app */ = {isa = PBXFileReference; explicitFileType = wrapper.application; includeInIndex = 0; path = SpreadCollectionView.app; sourceTree = BUILT_PRODUCTS_DIR; };
		FE3F0AC81B626E19001F0157 /* Info.plist */ = {isa = PBXFileReference; lastKnownFileType = text.plist.xml; path = Info.plist; sourceTree = "<group>"; };
		FE3F0AC91B626E19001F0157 /* main.m */ = {isa = PBXFileReference; lastKnownFileType = sourcecode.c.objc; path = main.m; sourceTree = "<group>"; };
		FE3F0ACB1B626E19001F0157 /* AppDelegate.h */ = {isa = PBXFileReference; lastKnownFileType = sourcecode.c.h; path = AppDelegate.h; sourceTree = "<group>"; };
		FE3F0ACC1B626E19001F0157 /* AppDelegate.m */ = {isa = PBXFileReference; lastKnownFileType = sourcecode.c.objc; path = AppDelegate.m; sourceTree = "<group>"; };
		FE3F0ACE1B626E19001F0157 /* Images.xcassets */ = {isa = PBXFileReference; lastKnownFileType = folder.assetcatalog; path = Images.xcassets; sourceTree = "<group>"; };
		FE3F0AD11B626E19001F0157 /* Base */ = {isa = PBXFileReference; lastKnownFileType = file.xib; name = Base; path = Base.lproj/LaunchScreen.xib; sourceTree = "<group>"; };
		FE3F0AD71B626E19001F0157 /* SpreadCollectionViewTests.xctest */ = {isa = PBXFileReference; explicitFileType = wrapper.cfbundle; includeInIndex = 0; path = SpreadCollectionViewTests.xctest; sourceTree = BUILT_PRODUCTS_DIR; };
		FE3F0ADC1B626E19001F0157 /* Info.plist */ = {isa = PBXFileReference; lastKnownFileType = text.plist.xml; path = Info.plist; sourceTree = "<group>"; };
		FE3F0ADD1B626E19001F0157 /* SpreadCollectionViewTests.m */ = {isa = PBXFileReference; lastKnownFileType = sourcecode.c.objc; path = SpreadCollectionViewTests.m; sourceTree = "<group>"; };
		FE3F0AEA1B627139001F0157 /* CollectionViewCell.h */ = {isa = PBXFileReference; fileEncoding = 4; lastKnownFileType = sourcecode.c.h; path = CollectionViewCell.h; sourceTree = "<group>"; };
		FE3F0AEB1B627139001F0157 /* CollectionViewCell.m */ = {isa = PBXFileReference; fileEncoding = 4; lastKnownFileType = sourcecode.c.objc; path = CollectionViewCell.m; sourceTree = "<group>"; };
		FE3F0AEC1B627139001F0157 /* FooterView.h */ = {isa = PBXFileReference; fileEncoding = 4; lastKnownFileType = sourcecode.c.h; path = FooterView.h; sourceTree = "<group>"; };
		FE3F0AED1B627139001F0157 /* FooterView.m */ = {isa = PBXFileReference; fileEncoding = 4; lastKnownFileType = sourcecode.c.objc; path = FooterView.m; sourceTree = "<group>"; };
		FE3F0AF01B627139001F0157 /* DetailCollectionViewCell.h */ = {isa = PBXFileReference; fileEncoding = 4; lastKnownFileType = sourcecode.c.h; path = DetailCollectionViewCell.h; sourceTree = "<group>"; };
		FE3F0AF11B627139001F0157 /* DetailCollectionViewCell.m */ = {isa = PBXFileReference; fileEncoding = 4; lastKnownFileType = sourcecode.c.objc; path = DetailCollectionViewCell.m; sourceTree = "<group>"; };
		FE3F0AF21B627139001F0157 /* RootViewController.h */ = {isa = PBXFileReference; fileEncoding = 4; lastKnownFileType = sourcecode.c.h; path = RootViewController.h; sourceTree = "<group>"; };
		FE3F0AF31B627139001F0157 /* RootViewController.m */ = {isa = PBXFileReference; fileEncoding = 4; lastKnownFileType = sourcecode.c.objc; path = RootViewController.m; sourceTree = "<group>"; };
		FE3F0AFC1B627773001F0157 /* DetailViewController.h */ = {isa = PBXFileReference; fileEncoding = 4; lastKnownFileType = sourcecode.c.h; path = DetailViewController.h; sourceTree = "<group>"; };
		FE3F0AFD1B627773001F0157 /* DetailViewController.m */ = {isa = PBXFileReference; fileEncoding = 4; lastKnownFileType = sourcecode.c.objc; path = DetailViewController.m; sourceTree = "<group>"; };
		FE3F0B8A1B631F87001F0157 /* UIViewAdditions.h */ = {isa = PBXFileReference; fileEncoding = 4; lastKnownFileType = sourcecode.c.h; name = UIViewAdditions.h; path = ../UIViewAdditions.h; sourceTree = "<group>"; };
		FE3F0B8B1B631F87001F0157 /* UIViewAdditions.m */ = {isa = PBXFileReference; fileEncoding = 4; lastKnownFileType = sourcecode.c.objc; name = UIViewAdditions.m; path = ../UIViewAdditions.m; sourceTree = "<group>"; };
/* End PBXFileReference section */

/* Begin PBXFrameworksBuildPhase section */
		FE3F0AC11B626E19001F0157 /* Frameworks */ = {
			isa = PBXFrameworksBuildPhase;
			buildActionMask = 2147483647;
			files = (
			);
			runOnlyForDeploymentPostprocessing = 0;
		};
		FE3F0AD41B626E19001F0157 /* Frameworks */ = {
			isa = PBXFrameworksBuildPhase;
			buildActionMask = 2147483647;
			files = (
			);
			runOnlyForDeploymentPostprocessing = 0;
		};
/* End PBXFrameworksBuildPhase section */

/* Begin PBXGroup section */
		FE0225F91B73AA6F00BAD10C /* SDWebImage */ = {
			isa = PBXGroup;
			children = (
				FE0225FA1B73AA6F00BAD10C /* MKAnnotationView+WebCache.h */,
				FE0225FB1B73AA6F00BAD10C /* MKAnnotationView+WebCache.m */,
				FE0225FC1B73AA6F00BAD10C /* NSData+ImageContentType.h */,
				FE0225FD1B73AA6F00BAD10C /* NSData+ImageContentType.m */,
				FE0225FE1B73AA6F00BAD10C /* SDImageCache.h */,
				FE0225FF1B73AA6F00BAD10C /* SDImageCache.m */,
				FE0226001B73AA6F00BAD10C /* SDWebImageCompat.h */,
				FE0226011B73AA6F00BAD10C /* SDWebImageCompat.m */,
				FE0226021B73AA6F00BAD10C /* SDWebImageDecoder.h */,
				FE0226031B73AA6F00BAD10C /* SDWebImageDecoder.m */,
				FE0226041B73AA6F00BAD10C /* SDWebImageDownloader.h */,
				FE0226051B73AA6F00BAD10C /* SDWebImageDownloader.m */,
				FE0226061B73AA6F00BAD10C /* SDWebImageDownloaderOperation.h */,
				FE0226071B73AA6F00BAD10C /* SDWebImageDownloaderOperation.m */,
				FE0226081B73AA6F00BAD10C /* SDWebImageManager.h */,
				FE0226091B73AA6F00BAD10C /* SDWebImageManager.m */,
				FE02260A1B73AA6F00BAD10C /* SDWebImageOperation.h */,
				FE02260B1B73AA6F00BAD10C /* SDWebImagePrefetcher.h */,
				FE02260C1B73AA6F00BAD10C /* SDWebImagePrefetcher.m */,
				FE02260D1B73AA6F00BAD10C /* UIButton+WebCache.h */,
				FE02260E1B73AA6F00BAD10C /* UIButton+WebCache.m */,
				FE02260F1B73AA6F00BAD10C /* UIImage+GIF.h */,
				FE0226101B73AA6F00BAD10C /* UIImage+GIF.m */,
				FE0226111B73AA6F00BAD10C /* UIImage+MultiFormat.h */,
				FE0226121B73AA6F00BAD10C /* UIImage+MultiFormat.m */,
				FE0226131B73AA6F00BAD10C /* UIImage+WebP.h */,
				FE0226141B73AA6F00BAD10C /* UIImage+WebP.m */,
				FE0226151B73AA6F00BAD10C /* UIImageView+HighlightedWebCache.h */,
				FE0226161B73AA6F00BAD10C /* UIImageView+HighlightedWebCache.m */,
				FE0226171B73AA6F00BAD10C /* UIImageView+WebCache.h */,
				FE0226181B73AA6F00BAD10C /* UIImageView+WebCache.m */,
				FE0226191B73AA6F00BAD10C /* UIView+WebCacheOperation.h */,
				FE02261A1B73AA6F00BAD10C /* UIView+WebCacheOperation.m */,
			);
			path = SDWebImage;
			sourceTree = "<group>";
		};
		FE3F0ABB1B626E19001F0157 = {
			isa = PBXGroup;
			children = (
				FE0225F91B73AA6F00BAD10C /* SDWebImage */,
				FE3F0AC61B626E19001F0157 /* SpreadCollectionView */,
				FE3F0ADA1B626E19001F0157 /* SpreadCollectionViewTests */,
				FE3F0AC51B626E19001F0157 /* Products */,
			);
			sourceTree = "<group>";
		};
		FE3F0AC51B626E19001F0157 /* Products */ = {
			isa = PBXGroup;
			children = (
				FE3F0AC41B626E19001F0157 /* SpreadCollectionView.app */,
				FE3F0AD71B626E19001F0157 /* SpreadCollectionViewTests.xctest */,
			);
			name = Products;
			sourceTree = "<group>";
		};
		FE3F0AC61B626E19001F0157 /* SpreadCollectionView */ = {
			isa = PBXGroup;
			children = (
				FE3F0ACB1B626E19001F0157 /* AppDelegate.h */,
				FE3F0ACC1B626E19001F0157 /* AppDelegate.m */,
				FE3F0B8E1B631FAE001F0157 /* Controllers */,
				FE3F0B8F1B631FB7001F0157 /* Views */,
				FE3F0B921B6324AE001F0157 /* Models */,
				FE3F0B8D1B631F90001F0157 /* Helpers */,
				FE3F0ACE1B626E19001F0157 /* Images.xcassets */,
				FE3F0AD01B626E19001F0157 /* LaunchScreen.xib */,
				FE3F0AC71B626E19001F0157 /* Supporting Files */,
			);
			path = SpreadCollectionView;
			sourceTree = "<group>";
		};
		FE3F0AC71B626E19001F0157 /* Supporting Files */ = {
			isa = PBXGroup;
			children = (
				FE3F0AC81B626E19001F0157 /* Info.plist */,
				FE3F0AC91B626E19001F0157 /* main.m */,
				FE0226511B74634200BAD10C /* PrefixHeader.pch */,
			);
			name = "Supporting Files";
			sourceTree = "<group>";
		};
		FE3F0ADA1B626E19001F0157 /* SpreadCollectionViewTests */ = {
			isa = PBXGroup;
			children = (
				FE3F0ADD1B626E19001F0157 /* SpreadCollectionViewTests.m */,
				FE3F0ADB1B626E19001F0157 /* Supporting Files */,
			);
			path = SpreadCollectionViewTests;
			sourceTree = "<group>";
		};
		FE3F0ADB1B626E19001F0157 /* Supporting Files */ = {
			isa = PBXGroup;
			children = (
				FE3F0ADC1B626E19001F0157 /* Info.plist */,
			);
			name = "Supporting Files";
			sourceTree = "<group>";
		};
		FE3F0B8D1B631F90001F0157 /* Helpers */ = {
			isa = PBXGroup;
			children = (
				FE3F0B8A1B631F87001F0157 /* UIViewAdditions.h */,
				FE3F0B8B1B631F87001F0157 /* UIViewAdditions.m */,
			);
			name = Helpers;
			path = listImage;
			sourceTree = "<group>";
		};
		FE3F0B8E1B631FAE001F0157 /* Controllers */ = {
			isa = PBXGroup;
			children = (
				FE3F0AF21B627139001F0157 /* RootViewController.h */,
				FE3F0AF31B627139001F0157 /* RootViewController.m */,
				FE3F0AFC1B627773001F0157 /* DetailViewController.h */,
				FE3F0AFD1B627773001F0157 /* DetailViewController.m */,
			);
			name = Controllers;
			sourceTree = "<group>";
		};
		FE3F0B8F1B631FB7001F0157 /* Views */ = {
			isa = PBXGroup;
			children = (
				FE3F0AEA1B627139001F0157 /* CollectionViewCell.h */,
				FE3F0AEB1B627139001F0157 /* CollectionViewCell.m */,
				FE3F0AF01B627139001F0157 /* DetailCollectionViewCell.h */,
				FE3F0AF11B627139001F0157 /* DetailCollectionViewCell.m */,
				FE3F0AEC1B627139001F0157 /* FooterView.h */,
				FE3F0AED1B627139001F0157 /* FooterView.m */,
			);
			name = Views;
			sourceTree = "<group>";
		};
		FE3F0B921B6324AE001F0157 /* Models */ = {
			isa = PBXGroup;
			children = (
				FE0225F31B73A8CB00BAD10C /* MainModel.h */,
				FE0225F41B73A8CB00BAD10C /* MainModel.m */,
				FE0225F61B73A94800BAD10C /* DetailModel.h */,
				FE0225F71B73A94800BAD10C /* DetailModel.m */,
			);
			name = Models;
			sourceTree = "<group>";
		};
/* End PBXGroup section */

/* Begin PBXNativeTarget section */
		FE3F0AC31B626E19001F0157 /* SpreadCollectionView */ = {
			isa = PBXNativeTarget;
			buildConfigurationList = FE3F0AE11B626E19001F0157 /* Build configuration list for PBXNativeTarget "SpreadCollectionView" */;
			buildPhases = (
				FE3F0AC01B626E19001F0157 /* Sources */,
				FE3F0AC11B626E19001F0157 /* Frameworks */,
				FE3F0AC21B626E19001F0157 /* Resources */,
			);
			buildRules = (
			);
			dependencies = (
			);
			name = SpreadCollectionView;
			productName = SpreadCollectionView;
			productReference = FE3F0AC41B626E19001F0157 /* SpreadCollectionView.app */;
			productType = "com.apple.product-type.application";
		};
		FE3F0AD61B626E19001F0157 /* SpreadCollectionViewTests */ = {
			isa = PBXNativeTarget;
			buildConfigurationList = FE3F0AE41B626E19001F0157 /* Build configuration list for PBXNativeTarget "SpreadCollectionViewTests" */;
			buildPhases = (
				FE3F0AD31B626E19001F0157 /* Sources */,
				FE3F0AD41B626E19001F0157 /* Frameworks */,
				FE3F0AD51B626E19001F0157 /* Resources */,
			);
			buildRules = (
			);
			dependencies = (
				FE3F0AD91B626E19001F0157 /* PBXTargetDependency */,
			);
			name = SpreadCollectionViewTests;
			productName = SpreadCollectionViewTests;
			productReference = FE3F0AD71B626E19001F0157 /* SpreadCollectionViewTests.xctest */;
			productType = "com.apple.product-type.bundle.unit-test";
		};
/* End PBXNativeTarget section */

/* Begin PBXProject section */
		FE3F0ABC1B626E19001F0157 /* Project object */ = {
			isa = PBXProject;
			attributes = {
				LastUpgradeCheck = 0610;
				ORGANIZATIONNAME = "张祥";
				TargetAttributes = {
					FE3F0AC31B626E19001F0157 = {
						CreatedOnToolsVersion = 6.1;
						DevelopmentTeam = 5KT527ZH2W;
					};
					FE3F0AD61B626E19001F0157 = {
						CreatedOnToolsVersion = 6.1;
						TestTargetID = FE3F0AC31B626E19001F0157;
					};
				};
			};
			buildConfigurationList = FE3F0ABF1B626E19001F0157 /* Build configuration list for PBXProject "SpreadCollectionView" */;
			compatibilityVersion = "Xcode 3.2";
			developmentRegion = English;
			hasScannedForEncodings = 0;
			knownRegions = (
				en,
				Base,
			);
			mainGroup = FE3F0ABB1B626E19001F0157;
			productRefGroup = FE3F0AC51B626E19001F0157 /* Products */;
			projectDirPath = "";
			projectRoot = "";
			targets = (
				FE3F0AC31B626E19001F0157 /* SpreadCollectionView */,
				FE3F0AD61B626E19001F0157 /* SpreadCollectionViewTests */,
			);
		};
/* End PBXProject section */

/* Begin PBXResourcesBuildPhase section */
		FE3F0AC21B626E19001F0157 /* Resources */ = {
			isa = PBXResourcesBuildPhase;
			buildActionMask = 2147483647;
			files = (
				FE3F0AD21B626E19001F0157 /* LaunchScreen.xib in Resources */,
				FE3F0ACF1B626E19001F0157 /* Images.xcassets in Resources */,
			);
			runOnlyForDeploymentPostprocessing = 0;
		};
		FE3F0AD51B626E19001F0157 /* Resources */ = {
			isa = PBXResourcesBuildPhase;
			buildActionMask = 2147483647;
			files = (
			);
			runOnlyForDeploymentPostprocessing = 0;
		};
/* End PBXResourcesBuildPhase section */

/* Begin PBXSourcesBuildPhase section */
		FE3F0AC01B626E19001F0157 /* Sources */ = {
			isa = PBXSourcesBuildPhase;
			buildActionMask = 2147483647;
			files = (
				FE3F0AF51B627139001F0157 /* FooterView.m in Sources */,
				FE02261B1B73AA6F00BAD10C /* MKAnnotationView+WebCache.m in Sources */,
				FE3F0B8C1B631F87001F0157 /* UIViewAdditions.m in Sources */,
				FE0226231B73AA6F00BAD10C /* SDWebImagePrefetcher.m in Sources */,
				FE0226221B73AA6F00BAD10C /* SDWebImageManager.m in Sources */,
				FE3F0AF81B627139001F0157 /* RootViewController.m in Sources */,
				FE3F0ACD1B626E19001F0157 /* AppDelegate.m in Sources */,
				FE0226291B73AA6F00BAD10C /* UIImageView+WebCache.m in Sources */,
				FE02261E1B73AA6F00BAD10C /* SDWebImageCompat.m in Sources */,
				FE3F0AFE1B627773001F0157 /* DetailViewController.m in Sources */,
				FE02261F1B73AA6F00BAD10C /* SDWebImageDecoder.m in Sources */,
				FE0226261B73AA6F00BAD10C /* UIImage+MultiFormat.m in Sources */,
				FE0226271B73AA6F00BAD10C /* UIImage+WebP.m in Sources */,
				FE0226211B73AA6F00BAD10C /* SDWebImageDownloaderOperation.m in Sources */,
				FE02262A1B73AA6F00BAD10C /* UIView+WebCacheOperation.m in Sources */,
				FE0226201B73AA6F00BAD10C /* SDWebImageDownloader.m in Sources */,
				FE0226251B73AA6F00BAD10C /* UIImage+GIF.m in Sources */,
				FE0225F51B73A8CB00BAD10C /* MainModel.m in Sources */,
				FE3F0AF71B627139001F0157 /* DetailCollectionViewCell.m in Sources */,
				FE3F0ACA1B626E19001F0157 /* main.m in Sources */,
				FE0226281B73AA6F00BAD10C /* UIImageView+HighlightedWebCache.m in Sources */,
				FE0225F81B73A94800BAD10C /* DetailModel.m in Sources */,
				FE02261D1B73AA6F00BAD10C /* SDImageCache.m in Sources */,
				FE0226241B73AA6F00BAD10C /* UIButton+WebCache.m in Sources */,
				FE02261C1B73AA6F00BAD10C /* NSData+ImageContentType.m in Sources */,
				FE3F0AF41B627139001F0157 /* CollectionViewCell.m in Sources */,
			);
			runOnlyForDeploymentPostprocessing = 0;
		};
		FE3F0AD31B626E19001F0157 /* Sources */ = {
			isa = PBXSourcesBuildPhase;
			buildActionMask = 2147483647;
			files = (
				FE3F0ADE1B626E19001F0157 /* SpreadCollectionViewTests.m in Sources */,
			);
			runOnlyForDeploymentPostprocessing = 0;
		};
/* End PBXSourcesBuildPhase section */

/* Begin PBXTargetDependency section */
		FE3F0AD91B626E19001F0157 /* PBXTargetDependency */ = {
			isa = PBXTargetDependency;
			target = FE3F0AC31B626E19001F0157 /* SpreadCollectionView */;
			targetProxy = FE3F0AD81B626E19001F0157 /* PBXContainerItemProxy */;
		};
/* End PBXTargetDependency section */

/* Begin PBXVariantGroup section */
		FE3F0AD01B626E19001F0157 /* LaunchScreen.xib */ = {
			isa = PBXVariantGroup;
			children = (
				FE3F0AD11B626E19001F0157 /* Base */,
			);
			name = LaunchScreen.xib;
			sourceTree = "<group>";
		};
/* End PBXVariantGroup section */

/* Begin XCBuildConfiguration section */
		FE3F0ADF1B626E19001F0157 /* Debug */ = {
			isa = XCBuildConfiguration;
			buildSettings = {
				ALWAYS_SEARCH_USER_PATHS = NO;
				CLANG_CXX_LANGUAGE_STANDARD = "gnu++0x";
				CLANG_CXX_LIBRARY = "libc++";
				CLANG_ENABLE_MODULES = YES;
				CLANG_ENABLE_OBJC_ARC = YES;
				CLANG_WARN_BOOL_CONVERSION = YES;
				CLANG_WARN_CONSTANT_CONVERSION = YES;
				CLANG_WARN_DIRECT_OBJC_ISA_USAGE = YES_ERROR;
				CLANG_WARN_EMPTY_BODY = YES;
				CLANG_WARN_ENUM_CONVERSION = YES;
				CLANG_WARN_INT_CONVERSION = YES;
				CLANG_WARN_OBJC_ROOT_CLASS = YES_ERROR;
				CLANG_WARN_UNREACHABLE_CODE = YES;
				CLANG_WARN__DUPLICATE_METHOD_MATCH = YES;
				"CODE_SIGN_IDENTITY[sdk=iphoneos*]" = "iPhone Developer";
				COPY_PHASE_STRIP = NO;
				ENABLE_STRICT_OBJC_MSGSEND = YES;
				GCC_C_LANGUAGE_STANDARD = gnu99;
				GCC_DYNAMIC_NO_PIC = NO;
				GCC_OPTIMIZATION_LEVEL = 0;
				GCC_PREPROCESSOR_DEFINITIONS = (
					"DEBUG=1",
					"$(inherited)",
				);
				GCC_SYMBOLS_PRIVATE_EXTERN = NO;
				GCC_WARN_64_TO_32_BIT_CONVERSION = YES;
				GCC_WARN_ABOUT_RETURN_TYPE = YES_ERROR;
				GCC_WARN_UNDECLARED_SELECTOR = YES;
				GCC_WARN_UNINITIALIZED_AUTOS = YES_AGGRESSIVE;
				GCC_WARN_UNUSED_FUNCTION = YES;
				GCC_WARN_UNUSED_VARIABLE = YES;
				IPHONEOS_DEPLOYMENT_TARGET = 8.1;
				MTL_ENABLE_DEBUG_INFO = YES;
				ONLY_ACTIVE_ARCH = YES;
				SDKROOT = iphoneos;
			};
			name = Debug;
		};
		FE3F0AE01B626E19001F0157 /* Release */ = {
			isa = XCBuildConfiguration;
			buildSettings = {
				ALWAYS_SEARCH_USER_PATHS = NO;
				CLANG_CXX_LANGUAGE_STANDARD = "gnu++0x";
				CLANG_CXX_LIBRARY = "libc++";
				CLANG_ENABLE_MODULES = YES;
				CLANG_ENABLE_OBJC_ARC = YES;
				CLANG_WARN_BOOL_CONVERSION = YES;
				CLANG_WARN_CONSTANT_CONVERSION = YES;
				CLANG_WARN_DIRECT_OBJC_ISA_USAGE = YES_ERROR;
				CLANG_WARN_EMPTY_BODY = YES;
				CLANG_WARN_ENUM_CONVERSION = YES;
				CLANG_WARN_INT_CONVERSION = YES;
				CLANG_WARN_OBJC_ROOT_CLASS = YES_ERROR;
				CLANG_WARN_UNREACHABLE_CODE = YES;
				CLANG_WARN__DUPLICATE_METHOD_MATCH = YES;
				"CODE_SIGN_IDENTITY[sdk=iphoneos*]" = "iPhone Developer";
				COPY_PHASE_STRIP = YES;
				ENABLE_NS_ASSERTIONS = NO;
				ENABLE_STRICT_OBJC_MSGSEND = YES;
				GCC_C_LANGUAGE_STANDARD = gnu99;
				GCC_WARN_64_TO_32_BIT_CONVERSION = YES;
				GCC_WARN_ABOUT_RETURN_TYPE = YES_ERROR;
				GCC_WARN_UNDECLARED_SELECTOR = YES;
				GCC_WARN_UNINITIALIZED_AUTOS = YES_AGGRESSIVE;
				GCC_WARN_UNUSED_FUNCTION = YES;
				GCC_WARN_UNUSED_VARIABLE = YES;
				IPHONEOS_DEPLOYMENT_TARGET = 8.1;
				MTL_ENABLE_DEBUG_INFO = NO;
				SDKROOT = iphoneos;
				VALIDATE_PRODUCT = YES;
			};
			name = Release;
		};
		FE3F0AE21B626E19001F0157 /* Debug */ = {
			isa = XCBuildConfiguration;
			buildSettings = {
				ASSETCATALOG_COMPILER_APPICON_NAME = AppIcon;
				CODE_SIGN_IDENTITY = "iPhone Developer";
				"CODE_SIGN_IDENTITY[sdk=iphoneos*]" = "iPhone Developer";
				GCC_PRECOMPILE_PREFIX_HEADER = YES;
				GCC_PREFIX_HEADER = "$(SRCROOT)/SpreadCollectionView/PrefixHeader.pch";
				INFOPLIST_FILE = SpreadCollectionView/Info.plist;
				LD_RUNPATH_SEARCH_PATHS = "$(inherited) @executable_path/Frameworks";
				PRODUCT_BUNDLE_IDENTIFIER = com.xiangzi.SpreadCollection;
				PRODUCT_NAME = "$(TARGET_NAME)";
				PROVISIONING_PROFILE = "";
			};
			name = Debug;
		};
		FE3F0AE31B626E19001F0157 /* Release */ = {
			isa = XCBuildConfiguration;
			buildSettings = {
				ASSETCATALOG_COMPILER_APPICON_NAME = AppIcon;
				CODE_SIGN_IDENTITY = "iPhone Developer";
				"CODE_SIGN_IDENTITY[sdk=iphoneos*]" = "iPhone Developer";
				GCC_PRECOMPILE_PREFIX_HEADER = YES;
				GCC_PREFIX_HEADER = "$(SRCROOT)/SpreadCollectionView/PrefixHeader.pch";
				INFOPLIST_FILE = SpreadCollectionView/Info.plist;
				LD_RUNPATH_SEARCH_PATHS = "$(inherited) @executable_path/Frameworks";
				PRODUCT_BUNDLE_IDENTIFIER = com.xiangzi.SpreadCollection;
				PRODUCT_NAME = "$(TARGET_NAME)";
				PROVISIONING_PROFILE = "";
			};
			name = Release;
		};
		FE3F0AE51B626E19001F0157 /* Debug */ = {
			isa = XCBuildConfiguration;
			buildSettings = {
				BUNDLE_LOADER = "$(TEST_HOST)";
				FRAMEWORK_SEARCH_PATHS = (
					"$(SDKROOT)/Developer/Library/Frameworks",
					"$(inherited)",
				);
				GCC_PREPROCESSOR_DEFINITIONS = (
					"DEBUG=1",
					"$(inherited)",
				);
				INFOPLIST_FILE = SpreadCollectionViewTests/Info.plist;
				LD_RUNPATH_SEARCH_PATHS = "$(inherited) @executable_path/Frameworks @loader_path/Frameworks";
				PRODUCT_NAME = "$(TARGET_NAME)";
				TEST_HOST = "$(BUILT_PRODUCTS_DIR)/SpreadCollectionView.app/SpreadCollectionView";
			};
			name = Debug;
		};
		FE3F0AE61B626E19001F0157 /* Release */ = {
			isa = XCBuildConfiguration;
			buildSettings = {
				BUNDLE_LOADER = "$(TEST_HOST)";
				FRAMEWORK_SEARCH_PATHS = (
					"$(SDKROOT)/Developer/Library/Frameworks",
					"$(inherited)",
				);
				INFOPLIST_FILE = SpreadCollectionViewTests/Info.plist;
				LD_RUNPATH_SEARCH_PATHS = "$(inherited) @executable_path/Frameworks @loader_path/Frameworks";
				PRODUCT_NAME = "$(TARGET_NAME)";
				TEST_HOST = "$(BUILT_PRODUCTS_DIR)/SpreadCollectionView.app/SpreadCollectionView";
			};
			name = Release;
		};
/* End XCBuildConfiguration section */

/* Begin XCConfigurationList section */
		FE3F0ABF1B626E19001F0157 /* Build configuration list for PBXProject "SpreadCollectionView" */ = {
			isa = XCConfigurationList;
			buildConfigurations = (
				FE3F0ADF1B626E19001F0157 /* Debug */,
				FE3F0AE01B626E19001F0157 /* Release */,
			);
			defaultConfigurationIsVisible = 0;
			defaultConfigurationName = Release;
		};
		FE3F0AE11B626E19001F0157 /* Build configuration list for PBXNativeTarget "SpreadCollectionView" */ = {
			isa = XCConfigurationList;
			buildConfigurations = (
				FE3F0AE21B626E19001F0157 /* Debug */,
				FE3F0AE31B626E19001F0157 /* Release */,
			);
			defaultConfigurationIsVisible = 0;
			defaultConfigurationName = Release;
		};
		FE3F0AE41B626E19001F0157 /* Build configuration list for PBXNativeTarget "SpreadCollectionViewTests" */ = {
			isa = XCConfigurationList;
			buildConfigurations = (
				FE3F0AE51B626E19001F0157 /* Debug */,
				FE3F0AE61B626E19001F0157 /* Release */,
			);
			defaultConfigurationIsVisible = 0;
			defaultConfigurationName = Release;
		};
/* End XCConfigurationList section */
	};
	rootObject = FE3F0ABC1B626E19001F0157 /* Project object */;
}
